
Microsoft Visual Studio Solution File, Format Version 12.00
# Visual Studio Version 17
VisualStudioVersion = 17.0.31903.59
MinimumVisualStudioVersion = 10.0.40219.1
Project("{FAE04EC0-301F-11D3-BF4B-00C04F79EFBC}") = "A1StringsDemo", "A1StringsDemo\A1StringsDemo.csproj", "{ACCE3E5F-73DC-48C6-A8EC-BD473E0E26F0}"
EndProject
Project("{FAE04EC0-301F-11D3-BF4B-00C04F79EFBC}") = "A2DefaultValuesDemo", "A2DefaultValuesDemo\A2DefaultValuesDemo.csproj", "{62FA17B8-815D-43DC-8C76-EBE2152AD32F}"
EndProject
Global
	GlobalSection(SolutionConfigurationPlatforms) = preSolution
		Debug|Any CPU = Debug|Any CPU
		Release|Any CPU = Release|Any CPU
	EndGlobalSection
	GlobalSection(SolutionProperties) = preSolution
		HideSolutionNode = FALSE
	EndGlobalSection
	GlobalSection(ProjectConfigurationPlatforms) = postSolution
		{ACCE3E5F-73DC-48C6-A8EC-BD473E0E26F0}.Debug|Any CPU.ActiveCfg = Debug|Any CPU
		{ACCE3E5F-73DC-48C6-A8EC-BD473E0E26F0}.Debug|Any CPU.Build.0 = Debug|Any CPU
		{ACCE3E5F-73DC-48C6-A8EC-BD473E0E26F0}.Release|Any CPU.ActiveCfg = Release|Any CPU
		{ACCE3E5F-73DC-48C6-A8EC-BD473E0E26F0}.Release|Any CPU.Build.0 = Release|Any CPU
		{62FA17B8-815D-43DC-8C76-EBE2152AD32F}.Debug|Any CPU.ActiveCfg = Debug|Any CPU
		{62FA17B8-815D-43DC-8C76-EBE2152AD32F}.Debug|Any CPU.Build.0 = Debug|Any CPU
		{62FA17B8-815D-43DC-8C76-EBE2152AD32F}.Release|Any CPU.ActiveCfg = Release|Any CPU
		{62FA17B8-815D-43DC-8C76-EBE2152AD32F}.Release|Any CPU.Build.0 = Release|Any CPU
	EndGlobalSection
EndGlobal
